// !$*UTF8*$!
{
	archiveVersion = 1;
	classes = {
	};
	objectVersion = 48;
	objects = {

/* Begin PBXBuildFile section */
		AA288F122EC3802C5274C6BC /* Pods_rxSwiftDemo.framework in Frameworks */ = {isa = PBXBuildFile; fileRef = 039431EB44B8B9C60DA10AFA /* Pods_rxSwiftDemo.framework */; };
		DC01AB5D1FD10C48007B0B33 /* PHPhotoLibrary+rx.swift in Sources */ = {isa = PBXBuildFile; fileRef = DC01AB5C1FD10C48007B0B33 /* PHPhotoLibrary+rx.swift */; };
		DC687B371FD6889A00B101D3 /* CombiningOperators.swift in Sources */ = {isa = PBXBuildFile; fileRef = DC687B361FD6889A00B101D3 /* CombiningOperators.swift */; };
		DC6950441FCF9F990097C5C9 /* Combinestagram.storyboard in Resources */ = {isa = PBXBuildFile; fileRef = DC6950431FCF9F990097C5C9 /* Combinestagram.storyboard */; };
		DC69504A1FCFDE140097C5C9 /* UIImage+Collage.swift in Sources */ = {isa = PBXBuildFile; fileRef = DC6950491FCFDE140097C5C9 /* UIImage+Collage.swift */; };
		DC69504C1FCFDE430097C5C9 /* PhotoWriter.swift in Sources */ = {isa = PBXBuildFile; fileRef = DC69504B1FCFDE430097C5C9 /* PhotoWriter.swift */; };
		DC69504E1FCFDE690097C5C9 /* MainViewController.swift in Sources */ = {isa = PBXBuildFile; fileRef = DC69504D1FCFDE690097C5C9 /* MainViewController.swift */; };
		DC6950501FCFDE780097C5C9 /* PhotosViewController.swift in Sources */ = {isa = PBXBuildFile; fileRef = DC69504F1FCFDE780097C5C9 /* PhotosViewController.swift */; };
		DC6950521FCFDE8A0097C5C9 /* PhotoCell.swift in Sources */ = {isa = PBXBuildFile; fileRef = DC6950511FCFDE8A0097C5C9 /* PhotoCell.swift */; };
		DC6950541FD000D00097C5C9 /* UIAlertViewController+Rx.swift in Sources */ = {isa = PBXBuildFile; fileRef = DC6950531FD000D00097C5C9 /* UIAlertViewController+Rx.swift */; };
		DC6950571FD007B70097C5C9 /* FilteringOperator.swift in Sources */ = {isa = PBXBuildFile; fileRef = DC6950561FD007B70097C5C9 /* FilteringOperator.swift */; };
		DC6950591FD00B910097C5C9 /* SkippingOperator.swift in Sources */ = {isa = PBXBuildFile; fileRef = DC6950581FD00B910097C5C9 /* SkippingOperator.swift */; };
		DC69505B1FD00EB60097C5C9 /* TakingOperator.swift in Sources */ = {isa = PBXBuildFile; fileRef = DC69505A1FD00EB60097C5C9 /* TakingOperator.swift */; };
		DC69505D1FD014C70097C5C9 /* OperatorChallenge.swift in Sources */ = {isa = PBXBuildFile; fileRef = DC69505C1FD014C70097C5C9 /* OperatorChallenge.swift */; };
		DCD034241FD52D12002E441D /* GitFeed.storyboard in Resources */ = {isa = PBXBuildFile; fileRef = DCD034231FD52D12002E441D /* GitFeed.storyboard */; };
		DCD034271FD52D6F002E441D /* Event.swift in Sources */ = {isa = PBXBuildFile; fileRef = DCD034261FD52D6F002E441D /* Event.swift */; };
		DCD034291FD52D9C002E441D /* ActivityController.swift in Sources */ = {isa = PBXBuildFile; fileRef = DCD034281FD52D9C002E441D /* ActivityController.swift */; };
		DCD1BD951FD1629A0039DEA1 /* TransformingElements.swift in Sources */ = {isa = PBXBuildFile; fileRef = DCD1BD941FD1629A0039DEA1 /* TransformingElements.swift */; };
		DCF946291FCD10DB00780761 /* AppDelegate.swift in Sources */ = {isa = PBXBuildFile; fileRef = DCF946281FCD10DB00780761 /* AppDelegate.swift */; };
		DCF9462B1FCD10DB00780761 /* ViewController.swift in Sources */ = {isa = PBXBuildFile; fileRef = DCF9462A1FCD10DB00780761 /* ViewController.swift */; };
		DCF9462E1FCD10DB00780761 /* Main.storyboard in Resources */ = {isa = PBXBuildFile; fileRef = DCF9462C1FCD10DB00780761 /* Main.storyboard */; };
		DCF946301FCD10DB00780761 /* Assets.xcassets in Resources */ = {isa = PBXBuildFile; fileRef = DCF9462F1FCD10DB00780761 /* Assets.xcassets */; };
		DCF946331FCD10DB00780761 /* LaunchScreen.storyboard in Resources */ = {isa = PBXBuildFile; fileRef = DCF946311FCD10DB00780761 /* LaunchScreen.storyboard */; };
		DCF9463B1FCD251C00780761 /* Helpers.swift in Sources */ = {isa = PBXBuildFile; fileRef = DCF9463A1FCD251C00780761 /* Helpers.swift */; };
		DCF9463D1FCD444D00780761 /* ObservableExample.swift in Sources */ = {isa = PBXBuildFile; fileRef = DCF9463C1FCD444D00780761 /* ObservableExample.swift */; };
		DCF946401FCD46DD00780761 /* SubjectExample.swift in Sources */ = {isa = PBXBuildFile; fileRef = DCF9463F1FCD46DD00780761 /* SubjectExample.swift */; };
/* End PBXBuildFile section */

/* Begin PBXFileReference section */
		039431EB44B8B9C60DA10AFA /* Pods_rxSwiftDemo.framework */ = {isa = PBXFileReference; explicitFileType = wrapper.framework; includeInIndex = 0; path = Pods_rxSwiftDemo.framework; sourceTree = BUILT_PRODUCTS_DIR; };
		270B145928511CF0D76623D0 /* Pods-rxSwiftDemo.debug.xcconfig */ = {isa = PBXFileReference; includeInIndex = 1; lastKnownFileType = text.xcconfig; name = "Pods-rxSwiftDemo.debug.xcconfig"; path = "Pods/Target Support Files/Pods-rxSwiftDemo/Pods-rxSwiftDemo.debug.xcconfig"; sourceTree = "<group>"; };
		B741F98B269A2B50B79A38FD /* Pods-rxSwiftDemo.release.xcconfig */ = {isa = PBXFileReference; includeInIndex = 1; lastKnownFileType = text.xcconfig; name = "Pods-rxSwiftDemo.release.xcconfig"; path = "Pods/Target Support Files/Pods-rxSwiftDemo/Pods-rxSwiftDemo.release.xcconfig"; sourceTree = "<group>"; };
		DC01AB5C1FD10C48007B0B33 /* PHPhotoLibrary+rx.swift */ = {isa = PBXFileReference; lastKnownFileType = sourcecode.swift; path = "PHPhotoLibrary+rx.swift"; sourceTree = "<group>"; };
		DC687B361FD6889A00B101D3 /* CombiningOperators.swift */ = {isa = PBXFileReference; lastKnownFileType = sourcecode.swift; path = CombiningOperators.swift; sourceTree = "<group>"; };
		DC6950431FCF9F990097C5C9 /* Combinestagram.storyboard */ = {isa = PBXFileReference; lastKnownFileType = file.storyboard; path = Combinestagram.storyboard; sourceTree = "<group>"; };
		DC6950491FCFDE140097C5C9 /* UIImage+Collage.swift */ = {isa = PBXFileReference; lastKnownFileType = sourcecode.swift; path = "UIImage+Collage.swift"; sourceTree = "<group>"; };
		DC69504B1FCFDE430097C5C9 /* PhotoWriter.swift */ = {isa = PBXFileReference; lastKnownFileType = sourcecode.swift; path = PhotoWriter.swift; sourceTree = "<group>"; };
		DC69504D1FCFDE690097C5C9 /* MainViewController.swift */ = {isa = PBXFileReference; lastKnownFileType = sourcecode.swift; path = MainViewController.swift; sourceTree = "<group>"; };
		DC69504F1FCFDE780097C5C9 /* PhotosViewController.swift */ = {isa = PBXFileReference; lastKnownFileType = sourcecode.swift; path = PhotosViewController.swift; sourceTree = "<group>"; };
		DC6950511FCFDE8A0097C5C9 /* PhotoCell.swift */ = {isa = PBXFileReference; lastKnownFileType = sourcecode.swift; path = PhotoCell.swift; sourceTree = "<group>"; };
		DC6950531FD000D00097C5C9 /* UIAlertViewController+Rx.swift */ = {isa = PBXFileReference; lastKnownFileType = sourcecode.swift; path = "UIAlertViewController+Rx.swift"; sourceTree = "<group>"; };
		DC6950561FD007B70097C5C9 /* FilteringOperator.swift */ = {isa = PBXFileReference; lastKnownFileType = sourcecode.swift; path = FilteringOperator.swift; sourceTree = "<group>"; };
		DC6950581FD00B910097C5C9 /* SkippingOperator.swift */ = {isa = PBXFileReference; lastKnownFileType = sourcecode.swift; path = SkippingOperator.swift; sourceTree = "<group>"; };
		DC69505A1FD00EB60097C5C9 /* TakingOperator.swift */ = {isa = PBXFileReference; lastKnownFileType = sourcecode.swift; path = TakingOperator.swift; sourceTree = "<group>"; };
		DC69505C1FD014C70097C5C9 /* OperatorChallenge.swift */ = {isa = PBXFileReference; lastKnownFileType = sourcecode.swift; path = OperatorChallenge.swift; sourceTree = "<group>"; };
		DCD034231FD52D12002E441D /* GitFeed.storyboard */ = {isa = PBXFileReference; lastKnownFileType = file.storyboard; path = GitFeed.storyboard; sourceTree = "<group>"; };
		DCD034261FD52D6F002E441D /* Event.swift */ = {isa = PBXFileReference; lastKnownFileType = sourcecode.swift; path = Event.swift; sourceTree = "<group>"; };
		DCD034281FD52D9C002E441D /* ActivityController.swift */ = {isa = PBXFileReference; lastKnownFileType = sourcecode.swift; path = ActivityController.swift; sourceTree = "<group>"; };
		DCD1BD941FD1629A0039DEA1 /* TransformingElements.swift */ = {isa = PBXFileReference; lastKnownFileType = sourcecode.swift; path = TransformingElements.swift; sourceTree = "<group>"; };
		DCF946251FCD10DB00780761 /* rxSwiftDemo.app */ = {isa = PBXFileReference; explicitFileType = wrapper.application; includeInIndex = 0; path = rxSwiftDemo.app; sourceTree = BUILT_PRODUCTS_DIR; };
		DCF946281FCD10DB00780761 /* AppDelegate.swift */ = {isa = PBXFileReference; lastKnownFileType = sourcecode.swift; path = AppDelegate.swift; sourceTree = "<group>"; };
		DCF9462A1FCD10DB00780761 /* ViewController.swift */ = {isa = PBXFileReference; lastKnownFileType = sourcecode.swift; path = ViewController.swift; sourceTree = "<group>"; };
		DCF9462D1FCD10DB00780761 /* Base */ = {isa = PBXFileReference; lastKnownFileType = file.storyboard; name = Base; path = Base.lproj/Main.storyboard; sourceTree = "<group>"; };
		DCF9462F1FCD10DB00780761 /* Assets.xcassets */ = {isa = PBXFileReference; lastKnownFileType = folder.assetcatalog; path = Assets.xcassets; sourceTree = "<group>"; };
		DCF946321FCD10DB00780761 /* Base */ = {isa = PBXFileReference; lastKnownFileType = file.storyboard; name = Base; path = Base.lproj/LaunchScreen.storyboard; sourceTree = "<group>"; };
		DCF946341FCD10DB00780761 /* Info.plist */ = {isa = PBXFileReference; lastKnownFileType = text.plist.xml; path = Info.plist; sourceTree = "<group>"; };
		DCF9463A1FCD251C00780761 /* Helpers.swift */ = {isa = PBXFileReference; lastKnownFileType = sourcecode.swift; path = Helpers.swift; sourceTree = "<group>"; };
		DCF9463C1FCD444D00780761 /* ObservableExample.swift */ = {isa = PBXFileReference; lastKnownFileType = sourcecode.swift; path = ObservableExample.swift; sourceTree = "<group>"; };
		DCF9463F1FCD46DD00780761 /* SubjectExample.swift */ = {isa = PBXFileReference; lastKnownFileType = sourcecode.swift; path = SubjectExample.swift; sourceTree = "<group>"; };
/* End PBXFileReference section */

/* Begin PBXFrameworksBuildPhase section */
		DCF946221FCD10DB00780761 /* Frameworks */ = {
			isa = PBXFrameworksBuildPhase;
			buildActionMask = 2147483647;
			files = (
				AA288F122EC3802C5274C6BC /* Pods_rxSwiftDemo.framework in Frameworks */,
			);
			runOnlyForDeploymentPostprocessing = 0;
		};
/* End PBXFrameworksBuildPhase section */

/* Begin PBXGroup section */
		981FA3CE8EFF079D12029FC3 /* Frameworks */ = {
			isa = PBXGroup;
			children = (
				039431EB44B8B9C60DA10AFA /* Pods_rxSwiftDemo.framework */,
			);
			name = Frameworks;
			sourceTree = "<group>";
		};
		DC687B351FD6886C00B101D3 /* CombiningOperators */ = {
			isa = PBXGroup;
			children = (
				DC687B361FD6889A00B101D3 /* CombiningOperators.swift */,
			);
			path = CombiningOperators;
			sourceTree = "<group>";
		};
		DC6950421FCF9F600097C5C9 /* Storyboard */ = {
			isa = PBXGroup;
			children = (
				DC6950431FCF9F990097C5C9 /* Combinestagram.storyboard */,
				DCD034231FD52D12002E441D /* GitFeed.storyboard */,
			);
			path = Storyboard;
			sourceTree = "<group>";
		};
		DC6950451FCFAB060097C5C9 /* Controller */ = {
			isa = PBXGroup;
			children = (
				DCD034221FD52D00002E441D /* GitFeed */,
				DC6950461FCFAB130097C5C9 /* Combinestagram */,
			);
			path = Controller;
			sourceTree = "<group>";
		};
		DC6950461FCFAB130097C5C9 /* Combinestagram */ = {
			isa = PBXGroup;
			children = (
				DC69504D1FCFDE690097C5C9 /* MainViewController.swift */,
				DC69504F1FCFDE780097C5C9 /* PhotosViewController.swift */,
				DC6950511FCFDE8A0097C5C9 /* PhotoCell.swift */,
			);
			path = Combinestagram;
			sourceTree = "<group>";
		};
		DC6950471FCFDDE30097C5C9 /* Helpers */ = {
			isa = PBXGroup;
			children = (
				DCD034251FD52D60002E441D /* GitFeed */,
				DC6950481FCFDDEF0097C5C9 /* Combinestagram */,
			);
			path = Helpers;
			sourceTree = "<group>";
		};
		DC6950481FCFDDEF0097C5C9 /* Combinestagram */ = {
			isa = PBXGroup;
			children = (
				DC6950491FCFDE140097C5C9 /* UIImage+Collage.swift */,
				DC69504B1FCFDE430097C5C9 /* PhotoWriter.swift */,
				DC6950531FD000D00097C5C9 /* UIAlertViewController+Rx.swift */,
				DC01AB5C1FD10C48007B0B33 /* PHPhotoLibrary+rx.swift */,
			);
			path = Combinestagram;
			sourceTree = "<group>";
		};
		DC6950551FD007580097C5C9 /* FilteringOperator */ = {
			isa = PBXGroup;
			children = (
				DC6950561FD007B70097C5C9 /* FilteringOperator.swift */,
				DC6950581FD00B910097C5C9 /* SkippingOperator.swift */,
				DC69505A1FD00EB60097C5C9 /* TakingOperator.swift */,
				DC69505C1FD014C70097C5C9 /* OperatorChallenge.swift */,
			);
			path = FilteringOperator;
			sourceTree = "<group>";
		};
		DCD034221FD52D00002E441D /* GitFeed */ = {
			isa = PBXGroup;
			children = (
				DCD034281FD52D9C002E441D /* ActivityController.swift */,
			);
			path = GitFeed;
			sourceTree = "<group>";
		};
		DCD034251FD52D60002E441D /* GitFeed */ = {
			isa = PBXGroup;
			children = (
				DCD034261FD52D6F002E441D /* Event.swift */,
			);
			path = GitFeed;
			sourceTree = "<group>";
		};
		DCD1BD931FD160B70039DEA1 /* TransformingOperators */ = {
			isa = PBXGroup;
			children = (
				DCD1BD941FD1629A0039DEA1 /* TransformingElements.swift */,
			);
			path = TransformingOperators;
			sourceTree = "<group>";
		};
		DCF9461C1FCD10DB00780761 = {
			isa = PBXGroup;
			children = (
				DCF946271FCD10DB00780761 /* rxSwiftDemo */,
				DCF946261FCD10DB00780761 /* Products */,
				EA7D055D5DCBA0A495E8EB69 /* Pods */,
				981FA3CE8EFF079D12029FC3 /* Frameworks */,
			);
			sourceTree = "<group>";
		};
		DCF946261FCD10DB00780761 /* Products */ = {
			isa = PBXGroup;
			children = (
				DCF946251FCD10DB00780761 /* rxSwiftDemo.app */,
			);
			name = Products;
			sourceTree = "<group>";
		};
		DCF946271FCD10DB00780761 /* rxSwiftDemo */ = {
			isa = PBXGroup;
			children = (
				DC6950471FCFDDE30097C5C9 /* Helpers */,
				DC6950451FCFAB060097C5C9 /* Controller */,
				DC6950421FCF9F600097C5C9 /* Storyboard */,
				DCF9463E1FCD448D00780761 /* Example */,
				DCF946281FCD10DB00780761 /* AppDelegate.swift */,
				DCF9462A1FCD10DB00780761 /* ViewController.swift */,
				DCF9462C1FCD10DB00780761 /* Main.storyboard */,
				DCF9462F1FCD10DB00780761 /* Assets.xcassets */,
				DCF946311FCD10DB00780761 /* LaunchScreen.storyboard */,
				DCF946341FCD10DB00780761 /* Info.plist */,
				DCF9463A1FCD251C00780761 /* Helpers.swift */,
			);
			path = rxSwiftDemo;
			sourceTree = "<group>";
		};
		DCF9463E1FCD448D00780761 /* Example */ = {
			isa = PBXGroup;
			children = (
				DC687B351FD6886C00B101D3 /* CombiningOperators */,
				DCD1BD931FD160B70039DEA1 /* TransformingOperators */,
				DC6950551FD007580097C5C9 /* FilteringOperator */,
				DCF9463C1FCD444D00780761 /* ObservableExample.swift */,
				DCF9463F1FCD46DD00780761 /* SubjectExample.swift */,
			);
			path = Example;
			sourceTree = "<group>";
		};
		EA7D055D5DCBA0A495E8EB69 /* Pods */ = {
			isa = PBXGroup;
			children = (
				270B145928511CF0D76623D0 /* Pods-rxSwiftDemo.debug.xcconfig */,
				B741F98B269A2B50B79A38FD /* Pods-rxSwiftDemo.release.xcconfig */,
			);
			name = Pods;
			sourceTree = "<group>";
		};
/* End PBXGroup section */

/* Begin PBXNativeTarget section */
		DCF946241FCD10DB00780761 /* rxSwiftDemo */ = {
			isa = PBXNativeTarget;
			buildConfigurationList = DCF946371FCD10DB00780761 /* Build configuration list for PBXNativeTarget "rxSwiftDemo" */;
			buildPhases = (
				7A4501094136B433AE251294 /* [CP] Check Pods Manifest.lock */,
				DCF946211FCD10DB00780761 /* Sources */,
				DCF946221FCD10DB00780761 /* Frameworks */,
				DCF946231FCD10DB00780761 /* Resources */,
				BFA9AC56E98F3F36120E0EDC /* [CP] Embed Pods Frameworks */,
				84BF64411EA9325869405C06 /* [CP] Copy Pods Resources */,
			);
			buildRules = (
			);
			dependencies = (
			);
			name = rxSwiftDemo;
			productName = rxSwiftDemo;
			productReference = DCF946251FCD10DB00780761 /* rxSwiftDemo.app */;
			productType = "com.apple.product-type.application";
		};
/* End PBXNativeTarget section */

/* Begin PBXProject section */
		DCF9461D1FCD10DB00780761 /* Project object */ = {
			isa = PBXProject;
			attributes = {
				LastSwiftUpdateCheck = 0910;
				LastUpgradeCheck = 0910;
				ORGANIZATIONNAME = "Bao Nguyen";
				TargetAttributes = {
					DCF946241FCD10DB00780761 = {
						CreatedOnToolsVersion = 9.1;
						ProvisioningStyle = Automatic;
					};
				};
			};
			buildConfigurationList = DCF946201FCD10DB00780761 /* Build configuration list for PBXProject "rxSwiftDemo" */;
			compatibilityVersion = "Xcode 8.0";
			developmentRegion = en;
			hasScannedForEncodings = 0;
			knownRegions = (
				en,
				Base,
			);
			mainGroup = DCF9461C1FCD10DB00780761;
			productRefGroup = DCF946261FCD10DB00780761 /* Products */;
			projectDirPath = "";
			projectRoot = "";
			targets = (
				DCF946241FCD10DB00780761 /* rxSwiftDemo */,
			);
		};
/* End PBXProject section */

/* Begin PBXResourcesBuildPhase section */
		DCF946231FCD10DB00780761 /* Resources */ = {
			isa = PBXResourcesBuildPhase;
			buildActionMask = 2147483647;
			files = (
				DC6950441FCF9F990097C5C9 /* Combinestagram.storyboard in Resources */,
				DCD034241FD52D12002E441D /* GitFeed.storyboard in Resources */,
				DCF946331FCD10DB00780761 /* LaunchScreen.storyboard in Resources */,
				DCF946301FCD10DB00780761 /* Assets.xcassets in Resources */,
				DCF9462E1FCD10DB00780761 /* Main.storyboard in Resources */,
			);
			runOnlyForDeploymentPostprocessing = 0;
		};
/* End PBXResourcesBuildPhase section */

/* Begin PBXShellScriptBuildPhase section */
		7A4501094136B433AE251294 /* [CP] Check Pods Manifest.lock */ = {
			isa = PBXShellScriptBuildPhase;
			buildActionMask = 2147483647;
			files = (
			);
			inputPaths = (
				"${PODS_PODFILE_DIR_PATH}/Podfile.lock",
				"${PODS_ROOT}/Manifest.lock",
			);
			name = "[CP] Check Pods Manifest.lock";
			outputPaths = (
				"$(DERIVED_FILE_DIR)/Pods-rxSwiftDemo-checkManifestLockResult.txt",
			);
			runOnlyForDeploymentPostprocessing = 0;
			shellPath = /bin/sh;
			shellScript = "diff \"${PODS_PODFILE_DIR_PATH}/Podfile.lock\" \"${PODS_ROOT}/Manifest.lock\" > /dev/null\nif [ $? != 0 ] ; then\n    # print error to STDERR\n    echo \"error: The sandbox is not in sync with the Podfile.lock. Run 'pod install' or update your CocoaPods installation.\" >&2\n    exit 1\nfi\n# This output is used by Xcode 'outputs' to avoid re-running this script phase.\necho \"SUCCESS\" > \"${SCRIPT_OUTPUT_FILE_0}\"\n";
			showEnvVarsInLog = 0;
		};
		84BF64411EA9325869405C06 /* [CP] Copy Pods Resources */ = {
			isa = PBXShellScriptBuildPhase;
			buildActionMask = 2147483647;
			files = (
			);
			inputPaths = (
			);
			name = "[CP] Copy Pods Resources";
			outputPaths = (
			);
			runOnlyForDeploymentPostprocessing = 0;
			shellPath = /bin/sh;
			shellScript = "\"${SRCROOT}/Pods/Target Support Files/Pods-rxSwiftDemo/Pods-rxSwiftDemo-resources.sh\"\n";
			showEnvVarsInLog = 0;
		};
		BFA9AC56E98F3F36120E0EDC /* [CP] Embed Pods Frameworks */ = {
			isa = PBXShellScriptBuildPhase;
			buildActionMask = 2147483647;
			files = (
			);
			inputPaths = (
				"${SRCROOT}/Pods/Target Support Files/Pods-rxSwiftDemo/Pods-rxSwiftDemo-frameworks.sh",
				"${BUILT_PRODUCTS_DIR}/Kingfisher/Kingfisher.framework",
				"${BUILT_PRODUCTS_DIR}/RxCocoa/RxCocoa.framework",
				"${BUILT_PRODUCTS_DIR}/RxSwift/RxSwift.framework",
			);
			name = "[CP] Embed Pods Frameworks";
			outputPaths = (
				"${TARGET_BUILD_DIR}/${FRAMEWORKS_FOLDER_PATH}/Kingfisher.framework",
				"${TARGET_BUILD_DIR}/${FRAMEWORKS_FOLDER_PATH}/RxCocoa.framework",
				"${TARGET_BUILD_DIR}/${FRAMEWORKS_FOLDER_PATH}/RxSwift.framework",
			);
			runOnlyForDeploymentPostprocessing = 0;
			shellPath = /bin/sh;
			shellScript = "\"${SRCROOT}/Pods/Target Support Files/Pods-rxSwiftDemo/Pods-rxSwiftDemo-frameworks.sh\"\n";
			showEnvVarsInLog = 0;
		};
/* End PBXShellScriptBuildPhase section */

/* Begin PBXSourcesBuildPhase section */
		DCF946211FCD10DB00780761 /* Sources */ = {
			isa = PBXSourcesBuildPhase;
			buildActionMask = 2147483647;
			files = (
				DC69504C1FCFDE430097C5C9 /* PhotoWriter.swift in Sources */,
				DCF946401FCD46DD00780761 /* SubjectExample.swift in Sources */,
				DCD034291FD52D9C002E441D /* ActivityController.swift in Sources */,
				DC69504A1FCFDE140097C5C9 /* UIImage+Collage.swift in Sources */,
				DC69505D1FD014C70097C5C9 /* OperatorChallenge.swift in Sources */,
				DCF9462B1FCD10DB00780761 /* ViewController.swift in Sources */,
				DC6950591FD00B910097C5C9 /* SkippingOperator.swift in Sources */,
				DCF9463B1FCD251C00780761 /* Helpers.swift in Sources */,
				DC687B371FD6889A00B101D3 /* CombiningOperators.swift in Sources */,
				DCD1BD951FD1629A0039DEA1 /* TransformingElements.swift in Sources */,
				DC6950501FCFDE780097C5C9 /* PhotosViewController.swift in Sources */,
				DC69505B1FD00EB60097C5C9 /* TakingOperator.swift in Sources */,
				DCD034271FD52D6F002E441D /* Event.swift in Sources */,
				DC6950521FCFDE8A0097C5C9 /* PhotoCell.swift in Sources */,
				DCF946291FCD10DB00780761 /* AppDelegate.swift in Sources */,
				DCF9463D1FCD444D00780761 /* ObservableExample.swift in Sources */,
				DC6950541FD000D00097C5C9 /* UIAlertViewController+Rx.swift in Sources */,
				DC6950571FD007B70097C5C9 /* FilteringOperator.swift in Sources */,
				DC01AB5D1FD10C48007B0B33 /* PHPhotoLibrary+rx.swift in Sources */,
				DC69504E1FCFDE690097C5C9 /* MainViewController.swift in Sources */,
			);
			runOnlyForDeploymentPostprocessing = 0;
		};
/* End PBXSourcesBuildPhase section */

/* Begin PBXVariantGroup section */
		DCF9462C1FCD10DB00780761 /* Main.storyboard */ = {
			isa = PBXVariantGroup;
			children = (
				DCF9462D1FCD10DB00780761 /* Base */,
			);
			name = Main.storyboard;
			sourceTree = "<group>";
		};
		DCF946311FCD10DB00780761 /* LaunchScreen.storyboard */ = {
			isa = PBXVariantGroup;
			children = (
				DCF946321FCD10DB00780761 /* Base */,
			);
			name = LaunchScreen.storyboard;
			sourceTree = "<group>";
		};
/* End PBXVariantGroup section */

/* Begin XCBuildConfiguration section */
		DCF946351FCD10DB00780761 /* Debug */ = {
			isa = XCBuildConfiguration;
			buildSettings = {
				ALWAYS_SEARCH_USER_PATHS = NO;
				CLANG_ANALYZER_NONNULL = YES;
				CLANG_ANALYZER_NUMBER_OBJECT_CONVERSION = YES_AGGRESSIVE;
				CLANG_CXX_LANGUAGE_STANDARD = "gnu++14";
				CLANG_CXX_LIBRARY = "libc++";
				CLANG_ENABLE_MODULES = YES;
				CLANG_ENABLE_OBJC_ARC = YES;
				CLANG_WARN_BLOCK_CAPTURE_AUTORELEASING = YES;
				CLANG_WARN_BOOL_CONVERSION = YES;
				CLANG_WARN_COMMA = YES;
				CLANG_WARN_CONSTANT_CONVERSION = YES;
				CLANG_WARN_DIRECT_OBJC_ISA_USAGE = YES_ERROR;
				CLANG_WARN_DOCUMENTATION_COMMENTS = YES;
				CLANG_WARN_EMPTY_BODY = YES;
				CLANG_WARN_ENUM_CONVERSION = YES;
				CLANG_WARN_INFINITE_RECURSION = YES;
				CLANG_WARN_INT_CONVERSION = YES;
				CLANG_WARN_NON_LITERAL_NULL_CONVERSION = YES;
				CLANG_WARN_OBJC_LITERAL_CONVERSION = YES;
				CLANG_WARN_OBJC_ROOT_CLASS = YES_ERROR;
				CLANG_WARN_RANGE_LOOP_ANALYSIS = YES;
				CLANG_WARN_STRICT_PROTOTYPES = YES;
				CLANG_WARN_SUSPICIOUS_MOVE = YES;
				CLANG_WARN_UNGUARDED_AVAILABILITY = YES_AGGRESSIVE;
				CLANG_WARN_UNREACHABLE_CODE = YES;
				CLANG_WARN__DUPLICATE_METHOD_MATCH = YES;
				CODE_SIGN_IDENTITY = "iPhone Developer";
				COPY_PHASE_STRIP = NO;
				DEBUG_INFORMATION_FORMAT = dwarf;
				ENABLE_STRICT_OBJC_MSGSEND = YES;
				ENABLE_TESTABILITY = YES;
				GCC_C_LANGUAGE_STANDARD = gnu11;
				GCC_DYNAMIC_NO_PIC = NO;
				GCC_NO_COMMON_BLOCKS = YES;
				GCC_OPTIMIZATION_LEVEL = 0;
				GCC_PREPROCESSOR_DEFINITIONS = (
					"DEBUG=1",
					"$(inherited)",
				);
				GCC_WARN_64_TO_32_BIT_CONVERSION = YES;
				GCC_WARN_ABOUT_RETURN_TYPE = YES_ERROR;
				GCC_WARN_UNDECLARED_SELECTOR = YES;
				GCC_WARN_UNINITIALIZED_AUTOS = YES_AGGRESSIVE;
				GCC_WARN_UNUSED_FUNCTION = YES;
				GCC_WARN_UNUSED_VARIABLE = YES;
				IPHONEOS_DEPLOYMENT_TARGET = 11.1;
				MTL_ENABLE_DEBUG_INFO = YES;
				ONLY_ACTIVE_ARCH = YES;
				SDKROOT = iphoneos;
				SWIFT_ACTIVE_COMPILATION_CONDITIONS = DEBUG;
				SWIFT_OPTIMIZATION_LEVEL = "-Onone";
			};
			name = Debug;
		};
		DCF946361FCD10DB00780761 /* Release */ = {
			isa = XCBuildConfiguration;
			buildSettings = {
				ALWAYS_SEARCH_USER_PATHS = NO;
				CLANG_ANALYZER_NONNULL = YES;
				CLANG_ANALYZER_NUMBER_OBJECT_CONVERSION = YES_AGGRESSIVE;
				CLANG_CXX_LANGUAGE_STANDARD = "gnu++14";
				CLANG_CXX_LIBRARY = "libc++";
				CLANG_ENABLE_MODULES = YES;
				CLANG_ENABLE_OBJC_ARC = YES;
				CLANG_WARN_BLOCK_CAPTURE_AUTORELEASING = YES;
				CLANG_WARN_BOOL_CONVERSION = YES;
				CLANG_WARN_COMMA = YES;
				CLANG_WARN_CONSTANT_CONVERSION = YES;
				CLANG_WARN_DIRECT_OBJC_ISA_USAGE = YES_ERROR;
				CLANG_WARN_DOCUMENTATION_COMMENTS = YES;
				CLANG_WARN_EMPTY_BODY = YES;
				CLANG_WARN_ENUM_CONVERSION = YES;
				CLANG_WARN_INFINITE_RECURSION = YES;
				CLANG_WARN_INT_CONVERSION = YES;
				CLANG_WARN_NON_LITERAL_NULL_CONVERSION = YES;
				CLANG_WARN_OBJC_LITERAL_CONVERSION = YES;
				CLANG_WARN_OBJC_ROOT_CLASS = YES_ERROR;
				CLANG_WARN_RANGE_LOOP_ANALYSIS = YES;
				CLANG_WARN_STRICT_PROTOTYPES = YES;
				CLANG_WARN_SUSPICIOUS_MOVE = YES;
				CLANG_WARN_UNGUARDED_AVAILABILITY = YES_AGGRESSIVE;
				CLANG_WARN_UNREACHABLE_CODE = YES;
				CLANG_WARN__DUPLICATE_METHOD_MATCH = YES;
				CODE_SIGN_IDENTITY = "iPhone Developer";
				COPY_PHASE_STRIP = NO;
				DEBUG_INFORMATION_FORMAT = "dwarf-with-dsym";
				ENABLE_NS_ASSERTIONS = NO;
				ENABLE_STRICT_OBJC_MSGSEND = YES;
				GCC_C_LANGUAGE_STANDARD = gnu11;
				GCC_NO_COMMON_BLOCKS = YES;
				GCC_WARN_64_TO_32_BIT_CONVERSION = YES;
				GCC_WARN_ABOUT_RETURN_TYPE = YES_ERROR;
				GCC_WARN_UNDECLARED_SELECTOR = YES;
				GCC_WARN_UNINITIALIZED_AUTOS = YES_AGGRESSIVE;
				GCC_WARN_UNUSED_FUNCTION = YES;
				GCC_WARN_UNUSED_VARIABLE = YES;
				IPHONEOS_DEPLOYMENT_TARGET = 11.1;
				MTL_ENABLE_DEBUG_INFO = NO;
				SDKROOT = iphoneos;
				SWIFT_OPTIMIZATION_LEVEL = "-Owholemodule";
				VALIDATE_PRODUCT = YES;
			};
			name = Release;
		};
		DCF946381FCD10DB00780761 /* Debug */ = {
			isa = XCBuildConfiguration;
			baseConfigurationReference = 270B145928511CF0D76623D0 /* Pods-rxSwiftDemo.debug.xcconfig */;
			buildSettings = {
				ASSETCATALOG_COMPILER_APPICON_NAME = AppIcon;
				CODE_SIGN_STYLE = Automatic;
				DEVELOPMENT_TEAM = MK2N7RD69E;
				INFOPLIST_FILE = rxSwiftDemo/Info.plist;
				LD_RUNPATH_SEARCH_PATHS = "$(inherited) @executable_path/Frameworks";
				PRODUCT_BUNDLE_IDENTIFIER = com.baon.rxSwiftDemo;
				PRODUCT_NAME = "$(TARGET_NAME)";
				SWIFT_VERSION = 4.0;
				TARGETED_DEVICE_FAMILY = "1,2";
			};
			name = Debug;
		};
		DCF946391FCD10DB00780761 /* Release */ = {
			isa = XCBuildConfiguration;
			baseConfigurationReference = B741F98B269A2B50B79A38FD /* Pods-rxSwiftDemo.release.xcconfig */;
			buildSettings = {
				ASSETCATALOG_COMPILER_APPICON_NAME = AppIcon;
				CODE_SIGN_STYLE = Automatic;
				DEVELOPMENT_TEAM = MK2N7RD69E;
				INFOPLIST_FILE = rxSwiftDemo/Info.plist;
				LD_RUNPATH_SEARCH_PATHS = "$(inherited) @executable_path/Frameworks";
				PRODUCT_BUNDLE_IDENTIFIER = com.baon.rxSwiftDemo;
				PRODUCT_NAME = "$(TARGET_NAME)";
				SWIFT_VERSION = 4.0;
				TARGETED_DEVICE_FAMILY = "1,2";
			};
			name = Release;
		};
/* End XCBuildConfiguration section */

/* Begin XCConfigurationList section */
		DCF946201FCD10DB00780761 /* Build configuration list for PBXProject "rxSwiftDemo" */ = {
			isa = XCConfigurationList;
			buildConfigurations = (
				DCF946351FCD10DB00780761 /* Debug */,
				DCF946361FCD10DB00780761 /* Release */,
			);
			defaultConfigurationIsVisible = 0;
			defaultConfigurationName = Release;
		};
		DCF946371FCD10DB00780761 /* Build configuration list for PBXNativeTarget "rxSwiftDemo" */ = {
			isa = XCConfigurationList;
			buildConfigurations = (
				DCF946381FCD10DB00780761 /* Debug */,
				DCF946391FCD10DB00780761 /* Release */,
			);
			defaultConfigurationIsVisible = 0;
			defaultConfigurationName = Release;
		};
/* End XCConfigurationList section */
	};
	rootObject = DCF9461D1FCD10DB00780761 /* Project object */;
}
